
Microsoft Visual Studio Solution File, Format Version 12.00
# Visual Studio Version 17
VisualStudioVersion = 17.7.34031.279
MinimumVisualStudioVersion = 10.0.40219.1
Project("{9A19103F-16F7-4668-BE54-9A1E7A4F7556}") = "API", "API\API.csproj", "{624CED35-2AB2-4C7E-8CBA-F8A67776464A}"
EndProject
Project("{9A19103F-16F7-4668-BE54-9A1E7A4F7556}") = "DOMAIN", "DOMAIN\DOMAIN.csproj", "{27153DA4-E8CE-4FC8-8511-BC263E12277A}"
EndProject
Project("{9A19103F-16F7-4668-BE54-9A1E7A4F7556}") = "INFRA", "INFRA\INFRA.csproj", "{504986B6-905F-4C32-AC2B-FAECA78A0E52}"
EndProject
Global
	GlobalSection(SolutionConfigurationPlatforms) = preSolution
		Debug|Any CPU = Debug|Any CPU
		Release|Any CPU = Release|Any CPU
	EndGlobalSection
	GlobalSection(ProjectConfigurationPlatforms) = postSolution
		{624CED35-2AB2-4C7E-8CBA-F8A67776464A}.Debug|Any CPU.ActiveCfg = Debug|Any CPU
		{624CED35-2AB2-4C7E-8CBA-F8A67776464A}.Debug|Any CPU.Build.0 = Debug|Any CPU
		{624CED35-2AB2-4C7E-8CBA-F8A67776464A}.Release|Any CPU.ActiveCfg = Release|Any CPU
		{624CED35-2AB2-4C7E-8CBA-F8A67776464A}.Release|Any CPU.Build.0 = Release|Any CPU
		{27153DA4-E8CE-4FC8-8511-BC263E12277A}.Debug|Any CPU.ActiveCfg = Debug|Any CPU
		{27153DA4-E8CE-4FC8-8511-BC263E12277A}.Debug|Any CPU.Build.0 = Debug|Any CPU
		{27153DA4-E8CE-4FC8-8511-BC263E12277A}.Release|Any CPU.ActiveCfg = Release|Any CPU
		{27153DA4-E8CE-4FC8-8511-BC263E12277A}.Release|Any CPU.Build.0 = Release|Any CPU
		{504986B6-905F-4C32-AC2B-FAECA78A0E52}.Debug|Any CPU.ActiveCfg = Debug|Any CPU
		{504986B6-905F-4C32-AC2B-FAECA78A0E52}.Debug|Any CPU.Build.0 = Debug|Any CPU
		{504986B6-905F-4C32-AC2B-FAECA78A0E52}.Release|Any CPU.ActiveCfg = Release|Any CPU
		{504986B6-905F-4C32-AC2B-FAECA78A0E52}.Release|Any CPU.Build.0 = Release|Any CPU
	EndGlobalSection
	GlobalSection(SolutionProperties) = preSolution
		HideSolutionNode = FALSE
	EndGlobalSection
	GlobalSection(ExtensibilityGlobals) = postSolution
		SolutionGuid = {1D390AF3-3E3C-406C-8BAB-AD3AE2BDDB04}
	EndGlobalSection
EndGlobal
